// !$*UTF8*$!
{
	archiveVersion = 1;
	classes = {
	};
	objectVersion = 55;
	objects = {

/* Begin PBXBuildFile section */
		3135C3D6285F78C200549561 /* blogsApp.swift in Sources */ = {isa = PBXBuildFile; fileRef = 3135C3D5285F78C200549561 /* blogsApp.swift */; };
		3135C3D8285F78C200549561 /* ContentView.swift in Sources */ = {isa = PBXBuildFile; fileRef = 3135C3D7285F78C200549561 /* ContentView.swift */; };
		3135C3DA285F78C600549561 /* Assets.xcassets in Resources */ = {isa = PBXBuildFile; fileRef = 3135C3D9285F78C600549561 /* Assets.xcassets */; };
		3135C3DD285F78C600549561 /* Preview Assets.xcassets in Resources */ = {isa = PBXBuildFile; fileRef = 3135C3DC285F78C600549561 /* Preview Assets.xcassets */; };
		3135C3E7285F78C700549561 /* blogsTests.swift in Sources */ = {isa = PBXBuildFile; fileRef = 3135C3E6285F78C700549561 /* blogsTests.swift */; };
		3135C3F1285F78C700549561 /* blogsUITests.swift in Sources */ = {isa = PBXBuildFile; fileRef = 3135C3F0285F78C700549561 /* blogsUITests.swift */; };
		3135C3F3285F78C700549561 /* blogsUITestsLaunchTests.swift in Sources */ = {isa = PBXBuildFile; fileRef = 3135C3F2285F78C700549561 /* blogsUITestsLaunchTests.swift */; };
/* End PBXBuildFile section */

/* Begin PBXContainerItemProxy section */
		3135C3E3285F78C700549561 /* PBXContainerItemProxy */ = {
			isa = PBXContainerItemProxy;
			containerPortal = 3135C3CA285F78C200549561 /* Project object */;
			proxyType = 1;
			remoteGlobalIDString = 3135C3D1285F78C200549561;
			remoteInfo = blogs;
		};
		3135C3ED285F78C700549561 /* PBXContainerItemProxy */ = {
			isa = PBXContainerItemProxy;
			containerPortal = 3135C3CA285F78C200549561 /* Project object */;
			proxyType = 1;
			remoteGlobalIDString = 3135C3D1285F78C200549561;
			remoteInfo = blogs;
		};
/* End PBXContainerItemProxy section */

/* Begin PBXFileReference section */
		3135C3D2285F78C200549561 /* blogs.app */ = {isa = PBXFileReference; explicitFileType = wrapper.application; includeInIndex = 0; path = blogs.app; sourceTree = BUILT_PRODUCTS_DIR; };
		3135C3D5285F78C200549561 /* blogsApp.swift */ = {isa = PBXFileReference; lastKnownFileType = sourcecode.swift; path = blogsApp.swift; sourceTree = "<group>"; };
		3135C3D7285F78C200549561 /* ContentView.swift */ = {isa = PBXFileReference; lastKnownFileType = sourcecode.swift; path = ContentView.swift; sourceTree = "<group>"; };
		3135C3D9285F78C600549561 /* Assets.xcassets */ = {isa = PBXFileReference; lastKnownFileType = folder.assetcatalog; path = Assets.xcassets; sourceTree = "<group>"; };
		3135C3DC285F78C600549561 /* Preview Assets.xcassets */ = {isa = PBXFileReference; lastKnownFileType = folder.assetcatalog; path = "Preview Assets.xcassets"; sourceTree = "<group>"; };
		3135C3E2285F78C700549561 /* blogsTests.xctest */ = {isa = PBXFileReference; explicitFileType = wrapper.cfbundle; includeInIndex = 0; path = blogsTests.xctest; sourceTree = BUILT_PRODUCTS_DIR; };
		3135C3E6285F78C700549561 /* blogsTests.swift */ = {isa = PBXFileReference; lastKnownFileType = sourcecode.swift; path = blogsTests.swift; sourceTree = "<group>"; };
		3135C3EC285F78C700549561 /* blogsUITests.xctest */ = {isa = PBXFileReference; explicitFileType = wrapper.cfbundle; includeInIndex = 0; path = blogsUITests.xctest; sourceTree = BUILT_PRODUCTS_DIR; };
		3135C3F0285F78C700549561 /* blogsUITests.swift */ = {isa = PBXFileReference; lastKnownFileType = sourcecode.swift; path = blogsUITests.swift; sourceTree = "<group>"; };
		3135C3F2285F78C700549561 /* blogsUITestsLaunchTests.swift */ = {isa = PBXFileReference; lastKnownFileType = sourcecode.swift; path = blogsUITestsLaunchTests.swift; sourceTree = "<group>"; };
/* End PBXFileReference section */

/* Begin PBXFrameworksBuildPhase section */
		3135C3CF285F78C200549561 /* Frameworks */ = {
			isa = PBXFrameworksBuildPhase;
			buildActionMask = 2147483647;
			files = (
			);
			runOnlyForDeploymentPostprocessing = 0;
		};
		3135C3DF285F78C700549561 /* Frameworks */ = {
			isa = PBXFrameworksBuildPhase;
			buildActionMask = 2147483647;
			files = (
			);
			runOnlyForDeploymentPostprocessing = 0;
		};
		3135C3E9285F78C700549561 /* Frameworks */ = {
			isa = PBXFrameworksBuildPhase;
			buildActionMask = 2147483647;
			files = (
			);
			runOnlyForDeploymentPostprocessing = 0;
		};
/* End PBXFrameworksBuildPhase section */

/* Begin PBXGroup section */
		3135C3C9285F78C200549561 = {
			isa = PBXGroup;
			children = (
				3135C3D4285F78C200549561 /* blogs */,
				3135C3E5285F78C700549561 /* blogsTests */,
				3135C3EF285F78C700549561 /* blogsUITests */,
				3135C3D3285F78C200549561 /* Products */,
			);
			sourceTree = "<group>";
		};
		3135C3D3285F78C200549561 /* Products */ = {
			isa = PBXGroup;
			children = (
				3135C3D2285F78C200549561 /* blogs.app */,
				3135C3E2285F78C700549561 /* blogsTests.xctest */,
				3135C3EC285F78C700549561 /* blogsUITests.xctest */,
			);
			name = Products;
			sourceTree = "<group>";
		};
		3135C3D4285F78C200549561 /* blogs */ = {
			isa = PBXGroup;
			children = (
				3135C3D5285F78C200549561 /* blogsApp.swift */,
				3135C3D7285F78C200549561 /* ContentView.swift */,
				3135C3D9285F78C600549561 /* Assets.xcassets */,
				3135C3DB285F78C600549561 /* Preview Content */,
			);
			path = blogs;
			sourceTree = "<group>";
		};
		3135C3DB285F78C600549561 /* Preview Content */ = {
			isa = PBXGroup;
			children = (
				3135C3DC285F78C600549561 /* Preview Assets.xcassets */,
			);
			path = "Preview Content";
			sourceTree = "<group>";
		};
		3135C3E5285F78C700549561 /* blogsTests */ = {
			isa = PBXGroup;
			children = (
				3135C3E6285F78C700549561 /* blogsTests.swift */,
			);
			path = blogsTests;
			sourceTree = "<group>";
		};
		3135C3EF285F78C700549561 /* blogsUITests */ = {
			isa = PBXGroup;
			children = (
				3135C3F0285F78C700549561 /* blogsUITests.swift */,
				3135C3F2285F78C700549561 /* blogsUITestsLaunchTests.swift */,
			);
			path = blogsUITests;
			sourceTree = "<group>";
		};
/* End PBXGroup section */

/* Begin PBXNativeTarget section */
		3135C3D1285F78C200549561 /* blogs */ = {
			isa = PBXNativeTarget;
			buildConfigurationList = 3135C3F6285F78C700549561 /* Build configuration list for PBXNativeTarget "blogs" */;
			buildPhases = (
				3135C3CE285F78C200549561 /* Sources */,
				3135C3CF285F78C200549561 /* Frameworks */,
				3135C3D0285F78C200549561 /* Resources */,
			);
			buildRules = (
			);
			dependencies = (
			);
			name = blogs;
			productName = blogs;
			productReference = 3135C3D2285F78C200549561 /* blogs.app */;
			productType = "com.apple.product-type.application";
		};
		3135C3E1285F78C700549561 /* blogsTests */ = {
			isa = PBXNativeTarget;
			buildConfigurationList = 3135C3F9285F78C700549561 /* Build configuration list for PBXNativeTarget "blogsTests" */;
			buildPhases = (
				3135C3DE285F78C700549561 /* Sources */,
				3135C3DF285F78C700549561 /* Frameworks */,
				3135C3E0285F78C700549561 /* Resources */,
			);
			buildRules = (
			);
			dependencies = (
				3135C3E4285F78C700549561 /* PBXTargetDependency */,
			);
			name = blogsTests;
			productName = blogsTests;
			productReference = 3135C3E2285F78C700549561 /* blogsTests.xctest */;
			productType = "com.apple.product-type.bundle.unit-test";
		};
		3135C3EB285F78C700549561 /* blogsUITests */ = {
			isa = PBXNativeTarget;
			buildConfigurationList = 3135C3FC285F78C700549561 /* Build configuration list for PBXNativeTarget "blogsUITests" */;
			buildPhases = (
				3135C3E8285F78C700549561 /* Sources */,
				3135C3E9285F78C700549561 /* Frameworks */,
				3135C3EA285F78C700549561 /* Resources */,
			);
			buildRules = (
			);
			dependencies = (
				3135C3EE285F78C700549561 /* PBXTargetDependency */,
			);
			name = blogsUITests;
			productName = blogsUITests;
			productReference = 3135C3EC285F78C700549561 /* blogsUITests.xctest */;
			productType = "com.apple.product-type.bundle.ui-testing";
		};
/* End PBXNativeTarget section */

/* Begin PBXProject section */
		3135C3CA285F78C200549561 /* Project object */ = {
			isa = PBXProject;
			attributes = {
				BuildIndependentTargetsInParallel = 1;
				LastSwiftUpdateCheck = 1340;
				LastUpgradeCheck = 1340;
				TargetAttributes = {
					3135C3D1285F78C200549561 = {
						CreatedOnToolsVersion = 13.4.1;
					};
					3135C3E1285F78C700549561 = {
						CreatedOnToolsVersion = 13.4.1;
						TestTargetID = 3135C3D1285F78C200549561;
					};
					3135C3EB285F78C700549561 = {
						CreatedOnToolsVersion = 13.4.1;
						TestTargetID = 3135C3D1285F78C200549561;
					};
				};
			};
			buildConfigurationList = 3135C3CD285F78C200549561 /* Build configuration list for PBXProject "blogs" */;
			compatibilityVersion = "Xcode 13.0";
			developmentRegion = en;
			hasScannedForEncodings = 0;
			knownRegions = (
				en,
				Base,
			);
			mainGroup = 3135C3C9285F78C200549561;
			productRefGroup = 3135C3D3285F78C200549561 /* Products */;
			projectDirPath = "";
			projectRoot = "";
			targets = (
				3135C3D1285F78C200549561 /* blogs */,
				3135C3E1285F78C700549561 /* blogsTests */,
				3135C3EB285F78C700549561 /* blogsUITests */,
			);
		};
/* End PBXProject section */

/* Begin PBXResourcesBuildPhase section */
		3135C3D0285F78C200549561 /* Resources */ = {
			isa = PBXResourcesBuildPhase;
			buildActionMask = 2147483647;
			files = (
				3135C3DD285F78C600549561 /* Preview Assets.xcassets in Resources */,
				3135C3DA285F78C600549561 /* Assets.xcassets in Resources */,
			);
			runOnlyForDeploymentPostprocessing = 0;
		};
		3135C3E0285F78C700549561 /* Resources */ = {
			isa = PBXResourcesBuildPhase;
			buildActionMask = 2147483647;
			files = (
			);
			runOnlyForDeploymentPostprocessing = 0;
		};
		3135C3EA285F78C700549561 /* Resources */ = {
			isa = PBXResourcesBuildPhase;
			buildActionMask = 2147483647;
			files = (
			);
			runOnlyForDeploymentPostprocessing = 0;
		};
/* End PBXResourcesBuildPhase section */

/* Begin PBXSourcesBuildPhase section */
		3135C3CE285F78C200549561 /* Sources */ = {
			isa = PBXSourcesBuildPhase;
			buildActionMask = 2147483647;
			files = (
				3135C3D8285F78C200549561 /* ContentView.swift in Sources */,
				3135C3D6285F78C200549561 /* blogsApp.swift in Sources */,
			);
			runOnlyForDeploymentPostprocessing = 0;
		};
		3135C3DE285F78C700549561 /* Sources */ = {
			isa = PBXSourcesBuildPhase;
			buildActionMask = 2147483647;
			files = (
				3135C3E7285F78C700549561 /* blogsTests.swift in Sources */,
			);
			runOnlyForDeploymentPostprocessing = 0;
		};
		3135C3E8285F78C700549561 /* Sources */ = {
			isa = PBXSourcesBuildPhase;
			buildActionMask = 2147483647;
			files = (
				3135C3F3285F78C700549561 /* blogsUITestsLaunchTests.swift in Sources */,
				3135C3F1285F78C700549561 /* blogsUITests.swift in Sources */,
			);
			runOnlyForDeploymentPostprocessing = 0;
		};
/* End PBXSourcesBuildPhase section */

/* Begin PBXTargetDependency section */
		3135C3E4285F78C700549561 /* PBXTargetDependency */ = {
			isa = PBXTargetDependency;
			target = 3135C3D1285F78C200549561 /* blogs */;
			targetProxy = 3135C3E3285F78C700549561 /* PBXContainerItemProxy */;
		};
		3135C3EE285F78C700549561 /* PBXTargetDependency */ = {
			isa = PBXTargetDependency;
			target = 3135C3D1285F78C200549561 /* blogs */;
			targetProxy = 3135C3ED285F78C700549561 /* PBXContainerItemProxy */;
		};
/* End PBXTargetDependency section */

/* Begin XCBuildConfiguration section */
		3135C3F4285F78C700549561 /* Debug */ = {
			isa = XCBuildConfiguration;
			buildSettings = {
				ALWAYS_SEARCH_USER_PATHS = NO;
				CLANG_ANALYZER_NONNULL = YES;
				CLANG_ANALYZER_NUMBER_OBJECT_CONVERSION = YES_AGGRESSIVE;
				CLANG_CXX_LANGUAGE_STANDARD = "gnu++17";
				CLANG_ENABLE_MODULES = YES;
				CLANG_ENABLE_OBJC_ARC = YES;
				CLANG_ENABLE_OBJC_WEAK = YES;
				CLANG_WARN_BLOCK_CAPTURE_AUTORELEASING = YES;
				CLANG_WARN_BOOL_CONVERSION = YES;
				CLANG_WARN_COMMA = YES;
				CLANG_WARN_CONSTANT_CONVERSION = YES;
				CLANG_WARN_DEPRECATED_OBJC_IMPLEMENTATIONS = YES;
				CLANG_WARN_DIRECT_OBJC_ISA_USAGE = YES_ERROR;
				CLANG_WARN_DOCUMENTATION_COMMENTS = YES;
				CLANG_WARN_EMPTY_BODY = YES;
				CLANG_WARN_ENUM_CONVERSION = YES;
				CLANG_WARN_INFINITE_RECURSION = YES;
				CLANG_WARN_INT_CONVERSION = YES;
				CLANG_WARN_NON_LITERAL_NULL_CONVERSION = YES;
				CLANG_WARN_OBJC_IMPLICIT_RETAIN_SELF = YES;
				CLANG_WARN_OBJC_LITERAL_CONVERSION = YES;
				CLANG_WARN_OBJC_ROOT_CLASS = YES_ERROR;
				CLANG_WARN_QUOTED_INCLUDE_IN_FRAMEWORK_HEADER = YES;
				CLANG_WARN_RANGE_LOOP_ANALYSIS = YES;
				CLANG_WARN_STRICT_PROTOTYPES = YES;
				CLANG_WARN_SUSPICIOUS_MOVE = YES;
				CLANG_WARN_UNGUARDED_AVAILABILITY = YES_AGGRESSIVE;
				CLANG_WARN_UNREACHABLE_CODE = YES;
				CLANG_WARN__DUPLICATE_METHOD_MATCH = YES;
				COPY_PHASE_STRIP = NO;
				DEBUG_INFORMATION_FORMAT = dwarf;
				ENABLE_STRICT_OBJC_MSGSEND = YES;
				ENABLE_TESTABILITY = YES;
				GCC_C_LANGUAGE_STANDARD = gnu11;
				GCC_DYNAMIC_NO_PIC = NO;
				GCC_NO_COMMON_BLOCKS = YES;
				GCC_OPTIMIZATION_LEVEL = 0;
				GCC_PREPROCESSOR_DEFINITIONS = (
					"DEBUG=1",
					"$(inherited)",
				);
				GCC_WARN_64_TO_32_BIT_CONVERSION = YES;
				GCC_WARN_ABOUT_RETURN_TYPE = YES_ERROR;
				GCC_WARN_UNDECLARED_SELECTOR = YES;
				GCC_WARN_UNINITIALIZED_AUTOS = YES_AGGRESSIVE;
				GCC_WARN_UNUSED_FUNCTION = YES;
				GCC_WARN_UNUSED_VARIABLE = YES;
				IPHONEOS_DEPLOYMENT_TARGET = 15.5;
				MTL_ENABLE_DEBUG_INFO = INCLUDE_SOURCE;
				MTL_FAST_MATH = YES;
				ONLY_ACTIVE_ARCH = YES;
				SDKROOT = iphoneos;
				SWIFT_ACTIVE_COMPILATION_CONDITIONS = DEBUG;
				SWIFT_OPTIMIZATION_LEVEL = "-Onone";
			};
			name = Debug;
		};
		3135C3F5285F78C700549561 /* Release */ = {
			isa = XCBuildConfiguration;
			buildSettings = {
				ALWAYS_SEARCH_USER_PATHS = NO;
				CLANG_ANALYZER_NONNULL = YES;
				CLANG_ANALYZER_NUMBER_OBJECT_CONVERSION = YES_AGGRESSIVE;
				CLANG_CXX_LANGUAGE_STANDARD = "gnu++17";
				CLANG_ENABLE_MODULES = YES;
				CLANG_ENABLE_OBJC_ARC = YES;
				CLANG_ENABLE_OBJC_WEAK = YES;
				CLANG_WARN_BLOCK_CAPTURE_AUTORELEASING = YES;
				CLANG_WARN_BOOL_CONVERSION = YES;
				CLANG_WARN_COMMA = YES;
				CLANG_WARN_CONSTANT_CONVERSION = YES;
				CLANG_WARN_DEPRECATED_OBJC_IMPLEMENTATIONS = YES;
				CLANG_WARN_DIRECT_OBJC_ISA_USAGE = YES_ERROR;
				CLANG_WARN_DOCUMENTATION_COMMENTS = YES;
				CLANG_WARN_EMPTY_BODY = YES;
				CLANG_WARN_ENUM_CONVERSION = YES;
				CLANG_WARN_INFINITE_RECURSION = YES;
				CLANG_WARN_INT_CONVERSION = YES;
				CLANG_WARN_NON_LITERAL_NULL_CONVERSION = YES;
				CLANG_WARN_OBJC_IMPLICIT_RETAIN_SELF = YES;
				CLANG_WARN_OBJC_LITERAL_CONVERSION = YES;
				CLANG_WARN_OBJC_ROOT_CLASS = YES_ERROR;
				CLANG_WARN_QUOTED_INCLUDE_IN_FRAMEWORK_HEADER = YES;
				CLANG_WARN_RANGE_LOOP_ANALYSIS = YES;
				CLANG_WARN_STRICT_PROTOTYPES = YES;
				CLANG_WARN_SUSPICIOUS_MOVE = YES;
				CLANG_WARN_UNGUARDED_AVAILABILITY = YES_AGGRESSIVE;
				CLANG_WARN_UNREACHABLE_CODE = YES;
				CLANG_WARN__DUPLICATE_METHOD_MATCH = YES;
				COPY_PHASE_STRIP = NO;
				DEBUG_INFORMATION_FORMAT = "dwarf-with-dsym";
				ENABLE_NS_ASSERTIONS = NO;
				ENABLE_STRICT_OBJC_MSGSEND = YES;
				GCC_C_LANGUAGE_STANDARD = gnu11;
				GCC_NO_COMMON_BLOCKS = YES;
				GCC_WARN_64_TO_32_BIT_CONVERSION = YES;
				GCC_WARN_ABOUT_RETURN_TYPE = YES_ERROR;
				GCC_WARN_UNDECLARED_SELECTOR = YES;
				GCC_WARN_UNINITIALIZED_AUTOS = YES_AGGRESSIVE;
				GCC_WARN_UNUSED_FUNCTION = YES;
				GCC_WARN_UNUSED_VARIABLE = YES;
				IPHONEOS_DEPLOYMENT_TARGET = 15.5;
				MTL_ENABLE_DEBUG_INFO = NO;
				MTL_FAST_MATH = YES;
				SDKROOT = iphoneos;
				SWIFT_COMPILATION_MODE = wholemodule;
				SWIFT_OPTIMIZATION_LEVEL = "-O";
				VALIDATE_PRODUCT = YES;
			};
			name = Release;
		};
		3135C3F7285F78C700549561 /* Debug */ = {
			isa = XCBuildConfiguration;
			buildSettings = {
				ASSETCATALOG_COMPILER_APPICON_NAME = AppIcon;
				ASSETCATALOG_COMPILER_GLOBAL_ACCENT_COLOR_NAME = AccentColor;
				CODE_SIGN_STYLE = Automatic;
				CURRENT_PROJECT_VERSION = 1;
				DEVELOPMENT_ASSET_PATHS = "\"blogs/Preview Content\"";
				DEVELOPMENT_TEAM = 8YVGQV5QRM;
				ENABLE_PREVIEWS = YES;
				GENERATE_INFOPLIST_FILE = YES;
				INFOPLIST_KEY_UIApplicationSceneManifest_Generation = YES;
				INFOPLIST_KEY_UIApplicationSupportsIndirectInputEvents = YES;
				INFOPLIST_KEY_UILaunchScreen_Generation = YES;
				INFOPLIST_KEY_UISupportedInterfaceOrientations_iPad = "UIInterfaceOrientationPortrait UIInterfaceOrientationPortraitUpsideDown UIInterfaceOrientationLandscapeLeft UIInterfaceOrientationLandscapeRight";
				INFOPLIST_KEY_UISupportedInterfaceOrientations_iPhone = "UIInterfaceOrientationPortrait UIInterfaceOrientationLandscapeLeft UIInterfaceOrientationLandscapeRight";
				LD_RUNPATH_SEARCH_PATHS = (
					"$(inherited)",
					"@executable_path/Frameworks",
				);
				MARKETING_VERSION = 1.0;
				PRODUCT_BUNDLE_IDENTIFIER = j.blogs;
				PRODUCT_NAME = "$(TARGET_NAME)";
				SWIFT_EMIT_LOC_STRINGS = YES;
				SWIFT_VERSION = 5.0;
				TARGETED_DEVICE_FAMILY = "1,2";
			};
			name = Debug;
		};
		3135C3F8285F78C700549561 /* Release */ = {
			isa = XCBuildConfiguration;
			buildSettings = {
				ASSETCATALOG_COMPILER_APPICON_NAME = AppIcon;
				ASSETCATALOG_COMPILER_GLOBAL_ACCENT_COLOR_NAME = AccentColor;
				CODE_SIGN_STYLE = Automatic;
				CURRENT_PROJECT_VERSION = 1;
				DEVELOPMENT_ASSET_PATHS = "\"blogs/Preview Content\"";
				DEVELOPMENT_TEAM = 8YVGQV5QRM;
				ENABLE_PREVIEWS = YES;
				GENERATE_INFOPLIST_FILE = YES;
				INFOPLIST_KEY_UIApplicationSceneManifest_Generation = YES;
				INFOPLIST_KEY_UIApplicationSupportsIndirectInputEvents = YES;
				INFOPLIST_KEY_UILaunchScreen_Generation = YES;
				INFOPLIST_KEY_UISupportedInterfaceOrientations_iPad = "UIInterfaceOrientationPortrait UIInterfaceOrientationPortraitUpsideDown UIInterfaceOrientationLandscapeLeft UIInterfaceOrientationLandscapeRight";
				INFOPLIST_KEY_UISupportedInterfaceOrientations_iPhone = "UIInterfaceOrientationPortrait UIInterfaceOrientationLandscapeLeft UIInterfaceOrientationLandscapeRight";
				LD_RUNPATH_SEARCH_PATHS = (
					"$(inherited)",
					"@executable_path/Frameworks",
				);
				MARKETING_VERSION = 1.0;
				PRODUCT_BUNDLE_IDENTIFIER = j.blogs;
				PRODUCT_NAME = "$(TARGET_NAME)";
				SWIFT_EMIT_LOC_STRINGS = YES;
				SWIFT_VERSION = 5.0;
				TARGETED_DEVICE_FAMILY = "1,2";
			};
			name = Release;
		};
		3135C3FA285F78C700549561 /* Debug */ = {
			isa = XCBuildConfiguration;
			buildSettings = {
				ALWAYS_EMBED_SWIFT_STANDARD_LIBRARIES = YES;
				BUNDLE_LOADER = "$(TEST_HOST)";
				CODE_SIGN_STYLE = Automatic;
				CURRENT_PROJECT_VERSION = 1;
				DEVELOPMENT_TEAM = 8YVGQV5QRM;
				GENERATE_INFOPLIST_FILE = YES;
				IPHONEOS_DEPLOYMENT_TARGET = 15.5;
				MARKETING_VERSION = 1.0;
				PRODUCT_BUNDLE_IDENTIFIER = j.blogsTests;
				PRODUCT_NAME = "$(TARGET_NAME)";
				SWIFT_EMIT_LOC_STRINGS = NO;
				SWIFT_VERSION = 5.0;
				TARGETED_DEVICE_FAMILY = "1,2";
				TEST_HOST = "$(BUILT_PRODUCTS_DIR)/blogs.app/blogs";
			};
			name = Debug;
		};
		3135C3FB285F78C700549561 /* Release */ = {
			isa = XCBuildConfiguration;
			buildSettings = {
				ALWAYS_EMBED_SWIFT_STANDARD_LIBRARIES = YES;
				BUNDLE_LOADER = "$(TEST_HOST)";
				CODE_SIGN_STYLE = Automatic;
				CURRENT_PROJECT_VERSION = 1;
				DEVELOPMENT_TEAM = 8YVGQV5QRM;
				GENERATE_INFOPLIST_FILE = YES;
				IPHONEOS_DEPLOYMENT_TARGET = 15.5;
				MARKETING_VERSION = 1.0;
				PRODUCT_BUNDLE_IDENTIFIER = j.blogsTests;
				PRODUCT_NAME = "$(TARGET_NAME)";
				SWIFT_EMIT_LOC_STRINGS = NO;
				SWIFT_VERSION = 5.0;
				TARGETED_DEVICE_FAMILY = "1,2";
				TEST_HOST = "$(BUILT_PRODUCTS_DIR)/blogs.app/blogs";
			};
			name = Release;
		};
		3135C3FD285F78C700549561 /* Debug */ = {
			isa = XCBuildConfiguration;
			buildSettings = {
				ALWAYS_EMBED_SWIFT_STANDARD_LIBRARIES = YES;
				CODE_SIGN_STYLE = Automatic;
				CURRENT_PROJECT_VERSION = 1;
				DEVELOPMENT_TEAM = 8YVGQV5QRM;
				GENERATE_INFOPLIST_FILE = YES;
				MARKETING_VERSION = 1.0;
				PRODUCT_BUNDLE_IDENTIFIER = j.blogsUITests;
				PRODUCT_NAME = "$(TARGET_NAME)";
				SWIFT_EMIT_LOC_STRINGS = NO;
				SWIFT_VERSION = 5.0;
				TARGETED_DEVICE_FAMILY = "1,2";
				TEST_TARGET_NAME = blogs;
			};
			name = Debug;
		};
		3135C3FE285F78C700549561 /* Release */ = {
			isa = XCBuildConfiguration;
			buildSettings = {
				ALWAYS_EMBED_SWIFT_STANDARD_LIBRARIES = YES;
				CODE_SIGN_STYLE = Automatic;
				CURRENT_PROJECT_VERSION = 1;
				DEVELOPMENT_TEAM = 8YVGQV5QRM;
				GENERATE_INFOPLIST_FILE = YES;
				MARKETING_VERSION = 1.0;
				PRODUCT_BUNDLE_IDENTIFIER = j.blogsUITests;
				PRODUCT_NAME = "$(TARGET_NAME)";
				SWIFT_EMIT_LOC_STRINGS = NO;
				SWIFT_VERSION = 5.0;
				TARGETED_DEVICE_FAMILY = "1,2";
				TEST_TARGET_NAME = blogs;
			};
			name = Release;
		};
/* End XCBuildConfiguration section */

/* Begin XCConfigurationList section */
		3135C3CD285F78C200549561 /* Build configuration list for PBXProject "blogs" */ = {
			isa = XCConfigurationList;
			buildConfigurations = (
				3135C3F4285F78C700549561 /* Debug */,
				3135C3F5285F78C700549561 /* Release */,
			);
			defaultConfigurationIsVisible = 0;
			defaultConfigurationName = Release;
		};
		3135C3F6285F78C700549561 /* Build configuration list for PBXNativeTarget "blogs" */ = {
			isa = XCConfigurationList;
			buildConfigurations = (
				3135C3F7285F78C700549561 /* Debug */,
				3135C3F8285F78C700549561 /* Release */,
			);
			defaultConfigurationIsVisible = 0;
			defaultConfigurationName = Release;
		};
		3135C3F9285F78C700549561 /* Build configuration list for PBXNativeTarget "blogsTests" */ = {
			isa = XCConfigurationList;
			buildConfigurations = (
				3135C3FA285F78C700549561 /* Debug */,
				3135C3FB285F78C700549561 /* Release */,
			);
			defaultConfigurationIsVisible = 0;
			defaultConfigurationName = Release;
		};
		3135C3FC285F78C700549561 /* Build configuration list for PBXNativeTarget "blogsUITests" */ = {
			isa = XCConfigurationList;
			buildConfigurations = (
				3135C3FD285F78C700549561 /* Debug */,
				3135C3FE285F78C700549561 /* Release */,
			);
			defaultConfigurationIsVisible = 0;
			defaultConfigurationName = Release;
		};
/* End XCConfigurationList section */
	};
	rootObject = 3135C3CA285F78C200549561 /* Project object */;
}
